{
    "requires": true,
    "lockfileVersion": 1,
    "dependencies": {
        "deepmerge": {
            "version": "2.0.1",
            "resolved": "https://registry.npmjs.org/deepmerge/-/deepmerge-2.0.1.tgz",
            "integrity": "sha512-VIPwiMJqJ13ZQfaCsIFnp5Me9tnjURiaIFxfz7EH0Ci0dTSQpZtSLrqOicXqEd/z2r+z+Klk9GzmnRsgpgbOsQ=="
        },
        "shvl": {
            "version": "1.2.0",
            "resolved": "https://registry.npmjs.org/shvl/-/shvl-1.2.0.tgz",
            "integrity": "sha512-gwmb6yz+bzgQY+TAH2e3Uzx7A/LAU0cwZ1vIXzGLJK/K/DlEi9eKxgbH3R7/W5POezI2Rpqo5GNP4822H5H8uA=="
        },
        "vuex-persistedstate": {
            "version": "2.4.2",
            "resolved": "https://registry.npmjs.org/vuex-persistedstate/-/vuex-persistedstate-2.4.2.tgz",
            "integrity": "sha512-syhniP78ZhfijX0RLAAsiGs4QOSol3XAlCgWQDu2GWW5uPWzeP1RJZ85lke+zs0CjZk2y80srGNSMWuwdWVRhA==",
            "requires": {
                "deepmerge": "2.0.1",
                "shvl": "1.2.0"
            }
        }
    }
}
